
Microsoft Visual Studio Solution File, Format Version 12.00
# Visual Studio Version 17
VisualStudioVersion = 17.10.35431.56
MinimumVisualStudioVersion = 10.0.40219.1
Project("{9A19103F-16F7-4668-BE54-9A1E7A4F7556}") = "ChatCompletion", "ChatCompletion\ChatCompletion.csproj", "{89C460DD-36C9-4352-8DF7-59851F53D130}"
EndProject
Global
	GlobalSection(SolutionConfigurationPlatforms) = preSolution
		Debug|Any CPU = Debug|Any CPU
		Release|Any CPU = Release|Any CPU
	EndGlobalSection
	GlobalSection(ProjectConfigurationPlatforms) = postSolution
		{89C460DD-36C9-4352-8DF7-59851F53D130}.Debug|Any CPU.ActiveCfg = Debug|Any CPU
		{89C460DD-36C9-4352-8DF7-59851F53D130}.Debug|Any CPU.Build.0 = Debug|Any CPU
		{89C460DD-36C9-4352-8DF7-59851F53D130}.Release|Any CPU.ActiveCfg = Release|Any CPU
		{89C460DD-36C9-4352-8DF7-59851F53D130}.Release|Any CPU.Build.0 = Release|Any CPU
	EndGlobalSection
	GlobalSection(SolutionProperties) = preSolution
		HideSolutionNode = FALSE
	EndGlobalSection
	GlobalSection(ExtensibilityGlobals) = postSolution
		SolutionGuid = {52A6B106-0494-4B80-856C-A4D4C6F80EF7}
	EndGlobalSection
EndGlobal
